// !$*UTF8*$!
{
	archiveVersion = 1;
	classes = {
	};
	objectVersion = 46;
	objects = {

/* Begin PBXBuildFile section */
		4030328F1D273CE600A1FF34 /* AppDelegate.swift in Sources */ = {isa = PBXBuildFile; fileRef = 4030328E1D273CE600A1FF34 /* AppDelegate.swift */; };
		403032931D273CE600A1FF34 /* GameScene.swift in Sources */ = {isa = PBXBuildFile; fileRef = 403032921D273CE600A1FF34 /* GameScene.swift */; };
		403032951D273CE600A1FF34 /* GameViewController.swift in Sources */ = {isa = PBXBuildFile; fileRef = 403032941D273CE600A1FF34 /* GameViewController.swift */; };
		403032981D273CE600A1FF34 /* Main.storyboard in Resources */ = {isa = PBXBuildFile; fileRef = 403032961D273CE600A1FF34 /* Main.storyboard */; };
		4030329A1D273CE600A1FF34 /* Assets.xcassets in Resources */ = {isa = PBXBuildFile; fileRef = 403032991D273CE600A1FF34 /* Assets.xcassets */; };
		4030329D1D273CE600A1FF34 /* LaunchScreen.storyboard in Resources */ = {isa = PBXBuildFile; fileRef = 4030329B1D273CE600A1FF34 /* LaunchScreen.storyboard */; };
		403032A81D273CE600A1FF34 /* etetrisTests.swift in Sources */ = {isa = PBXBuildFile; fileRef = 403032A71D273CE600A1FF34 /* etetrisTests.swift */; };
		403032B31D273CE600A1FF34 /* etetrisUITests.swift in Sources */ = {isa = PBXBuildFile; fileRef = 403032B21D273CE600A1FF34 /* etetrisUITests.swift */; };
/* End PBXBuildFile section */

/* Begin PBXContainerItemProxy section */
		403032A41D273CE600A1FF34 /* PBXContainerItemProxy */ = {
			isa = PBXContainerItemProxy;
			containerPortal = 403032831D273CE600A1FF34 /* Project object */;
			proxyType = 1;
			remoteGlobalIDString = 4030328A1D273CE600A1FF34;
			remoteInfo = etetris;
		};
		403032AF1D273CE600A1FF34 /* PBXContainerItemProxy */ = {
			isa = PBXContainerItemProxy;
			containerPortal = 403032831D273CE600A1FF34 /* Project object */;
			proxyType = 1;
			remoteGlobalIDString = 4030328A1D273CE600A1FF34;
			remoteInfo = etetris;
		};
/* End PBXContainerItemProxy section */

/* Begin PBXFileReference section */
		4030328B1D273CE600A1FF34 /* etetris.app */ = {isa = PBXFileReference; explicitFileType = wrapper.application; includeInIndex = 0; path = etetris.app; sourceTree = BUILT_PRODUCTS_DIR; };
		4030328E1D273CE600A1FF34 /* AppDelegate.swift */ = {isa = PBXFileReference; lastKnownFileType = sourcecode.swift; path = AppDelegate.swift; sourceTree = "<group>"; };
		403032921D273CE600A1FF34 /* GameScene.swift */ = {isa = PBXFileReference; lastKnownFileType = sourcecode.swift; path = GameScene.swift; sourceTree = "<group>"; };
		403032941D273CE600A1FF34 /* GameViewController.swift */ = {isa = PBXFileReference; lastKnownFileType = sourcecode.swift; path = GameViewController.swift; sourceTree = "<group>"; };
		403032971D273CE600A1FF34 /* Base */ = {isa = PBXFileReference; lastKnownFileType = file.storyboard; name = Base; path = Base.lproj/Main.storyboard; sourceTree = "<group>"; };
		403032991D273CE600A1FF34 /* Assets.xcassets */ = {isa = PBXFileReference; lastKnownFileType = folder.assetcatalog; path = Assets.xcassets; sourceTree = "<group>"; };
		4030329C1D273CE600A1FF34 /* Base */ = {isa = PBXFileReference; lastKnownFileType = file.storyboard; name = Base; path = Base.lproj/LaunchScreen.storyboard; sourceTree = "<group>"; };
		4030329E1D273CE600A1FF34 /* Info.plist */ = {isa = PBXFileReference; lastKnownFileType = text.plist.xml; path = Info.plist; sourceTree = "<group>"; };
		403032A31D273CE600A1FF34 /* etetrisTests.xctest */ = {isa = PBXFileReference; explicitFileType = wrapper.cfbundle; includeInIndex = 0; path = etetrisTests.xctest; sourceTree = BUILT_PRODUCTS_DIR; };
		403032A71D273CE600A1FF34 /* etetrisTests.swift */ = {isa = PBXFileReference; lastKnownFileType = sourcecode.swift; path = etetrisTests.swift; sourceTree = "<group>"; };
		403032A91D273CE600A1FF34 /* Info.plist */ = {isa = PBXFileReference; lastKnownFileType = text.plist.xml; path = Info.plist; sourceTree = "<group>"; };
		403032AE1D273CE600A1FF34 /* etetrisUITests.xctest */ = {isa = PBXFileReference; explicitFileType = wrapper.cfbundle; includeInIndex = 0; path = etetrisUITests.xctest; sourceTree = BUILT_PRODUCTS_DIR; };
		403032B21D273CE600A1FF34 /* etetrisUITests.swift */ = {isa = PBXFileReference; lastKnownFileType = sourcecode.swift; path = etetrisUITests.swift; sourceTree = "<group>"; };
		403032B41D273CE600A1FF34 /* Info.plist */ = {isa = PBXFileReference; lastKnownFileType = text.plist.xml; path = Info.plist; sourceTree = "<group>"; };
/* End PBXFileReference section */

/* Begin PBXFrameworksBuildPhase section */
		403032881D273CE600A1FF34 /* Frameworks */ = {
			isa = PBXFrameworksBuildPhase;
			buildActionMask = 2147483647;
			files = (
			);
			runOnlyForDeploymentPostprocessing = 0;
		};
		403032A01D273CE600A1FF34 /* Frameworks */ = {
			isa = PBXFrameworksBuildPhase;
			buildActionMask = 2147483647;
			files = (
			);
			runOnlyForDeploymentPostprocessing = 0;
		};
		403032AB1D273CE600A1FF34 /* Frameworks */ = {
			isa = PBXFrameworksBuildPhase;
			buildActionMask = 2147483647;
			files = (
			);
			runOnlyForDeploymentPostprocessing = 0;
		};
/* End PBXFrameworksBuildPhase section */

/* Begin PBXGroup section */
		403032821D273CE600A1FF34 = {
			isa = PBXGroup;
			children = (
				4030328D1D273CE600A1FF34 /* etetris */,
				403032A61D273CE600A1FF34 /* etetrisTests */,
				403032B11D273CE600A1FF34 /* etetrisUITests */,
				4030328C1D273CE600A1FF34 /* Products */,
			);
			sourceTree = "<group>";
		};
		4030328C1D273CE600A1FF34 /* Products */ = {
			isa = PBXGroup;
			children = (
				4030328B1D273CE600A1FF34 /* etetris.app */,
				403032A31D273CE600A1FF34 /* etetrisTests.xctest */,
				403032AE1D273CE600A1FF34 /* etetrisUITests.xctest */,
			);
			name = Products;
			sourceTree = "<group>";
		};
		4030328D1D273CE600A1FF34 /* etetris */ = {
			isa = PBXGroup;
			children = (
				4030328E1D273CE600A1FF34 /* AppDelegate.swift */,
				403032921D273CE600A1FF34 /* GameScene.swift */,
				403032941D273CE600A1FF34 /* GameViewController.swift */,
				403032961D273CE600A1FF34 /* Main.storyboard */,
				403032991D273CE600A1FF34 /* Assets.xcassets */,
				4030329B1D273CE600A1FF34 /* LaunchScreen.storyboard */,
				4030329E1D273CE600A1FF34 /* Info.plist */,
			);
			path = etetris;
			sourceTree = "<group>";
		};
		403032A61D273CE600A1FF34 /* etetrisTests */ = {
			isa = PBXGroup;
			children = (
				403032A71D273CE600A1FF34 /* etetrisTests.swift */,
				403032A91D273CE600A1FF34 /* Info.plist */,
			);
			path = etetrisTests;
			sourceTree = "<group>";
		};
		403032B11D273CE600A1FF34 /* etetrisUITests */ = {
			isa = PBXGroup;
			children = (
				403032B21D273CE600A1FF34 /* etetrisUITests.swift */,
				403032B41D273CE600A1FF34 /* Info.plist */,
			);
			path = etetrisUITests;
			sourceTree = "<group>";
		};
/* End PBXGroup section */

/* Begin PBXNativeTarget section */
		4030328A1D273CE600A1FF34 /* etetris */ = {
			isa = PBXNativeTarget;
			buildConfigurationList = 403032B71D273CE600A1FF34 /* Build configuration list for PBXNativeTarget "etetris" */;
			buildPhases = (
				403032871D273CE600A1FF34 /* Sources */,
				403032881D273CE600A1FF34 /* Frameworks */,
				403032891D273CE600A1FF34 /* Resources */,
			);
			buildRules = (
			);
			dependencies = (
			);
			name = etetris;
			productName = etetris;
			productReference = 4030328B1D273CE600A1FF34 /* etetris.app */;
			productType = "com.apple.product-type.application";
		};
		403032A21D273CE600A1FF34 /* etetrisTests */ = {
			isa = PBXNativeTarget;
			buildConfigurationList = 403032BA1D273CE600A1FF34 /* Build configuration list for PBXNativeTarget "etetrisTests" */;
			buildPhases = (
				4030329F1D273CE600A1FF34 /* Sources */,
				403032A01D273CE600A1FF34 /* Frameworks */,
				403032A11D273CE600A1FF34 /* Resources */,
			);
			buildRules = (
			);
			dependencies = (
				403032A51D273CE600A1FF34 /* PBXTargetDependency */,
			);
			name = etetrisTests;
			productName = etetrisTests;
			productReference = 403032A31D273CE600A1FF34 /* etetrisTests.xctest */;
			productType = "com.apple.product-type.bundle.unit-test";
		};
		403032AD1D273CE600A1FF34 /* etetrisUITests */ = {
			isa = PBXNativeTarget;
			buildConfigurationList = 403032BD1D273CE600A1FF34 /* Build configuration list for PBXNativeTarget "etetrisUITests" */;
			buildPhases = (
				403032AA1D273CE600A1FF34 /* Sources */,
				403032AB1D273CE600A1FF34 /* Frameworks */,
				403032AC1D273CE600A1FF34 /* Resources */,
			);
			buildRules = (
			);
			dependencies = (
				403032B01D273CE600A1FF34 /* PBXTargetDependency */,
			);
			name = etetrisUITests;
			productName = etetrisUITests;
			productReference = 403032AE1D273CE600A1FF34 /* etetrisUITests.xctest */;
			productType = "com.apple.product-type.bundle.ui-testing";
		};
/* End PBXNativeTarget section */

/* Begin PBXProject section */
		403032831D273CE600A1FF34 /* Project object */ = {
			isa = PBXProject;
			attributes = {
				LastUpgradeCheck = 0700;
				ORGANIZATIONNAME = "Alex Feldman";
				TargetAttributes = {
					4030328A1D273CE600A1FF34 = {
						CreatedOnToolsVersion = 7.0.1;
					};
					403032A21D273CE600A1FF34 = {
						CreatedOnToolsVersion = 7.0.1;
						TestTargetID = 4030328A1D273CE600A1FF34;
					};
					403032AD1D273CE600A1FF34 = {
						CreatedOnToolsVersion = 7.0.1;
						TestTargetID = 4030328A1D273CE600A1FF34;
					};
				};
			};
			buildConfigurationList = 403032861D273CE600A1FF34 /* Build configuration list for PBXProject "etetris" */;
			compatibilityVersion = "Xcode 3.2";
			developmentRegion = English;
			hasScannedForEncodings = 0;
			knownRegions = (
				en,
				Base,
			);
			mainGroup = 403032821D273CE600A1FF34;
			productRefGroup = 4030328C1D273CE600A1FF34 /* Products */;
			projectDirPath = "";
			projectRoot = "";
			targets = (
				4030328A1D273CE600A1FF34 /* etetris */,
				403032A21D273CE600A1FF34 /* etetrisTests */,
				403032AD1D273CE600A1FF34 /* etetrisUITests */,
			);
		};
/* End PBXProject section */

/* Begin PBXResourcesBuildPhase section */
		403032891D273CE600A1FF34 /* Resources */ = {
			isa = PBXResourcesBuildPhase;
			buildActionMask = 2147483647;
			files = (
				4030329D1D273CE600A1FF34 /* LaunchScreen.storyboard in Resources */,
				4030329A1D273CE600A1FF34 /* Assets.xcassets in Resources */,
				403032981D273CE600A1FF34 /* Main.storyboard in Resources */,
			);
			runOnlyForDeploymentPostprocessing = 0;
		};
		403032A11D273CE600A1FF34 /* Resources */ = {
			isa = PBXResourcesBuildPhase;
			buildActionMask = 2147483647;
			files = (
			);
			runOnlyForDeploymentPostprocessing = 0;
		};
		403032AC1D273CE600A1FF34 /* Resources */ = {
			isa = PBXResourcesBuildPhase;
			buildActionMask = 2147483647;
			files = (
			);
			runOnlyForDeploymentPostprocessing = 0;
		};
/* End PBXResourcesBuildPhase section */

/* Begin PBXSourcesBuildPhase section */
		403032871D273CE600A1FF34 /* Sources */ = {
			isa = PBXSourcesBuildPhase;
			buildActionMask = 2147483647;
			files = (
				403032931D273CE600A1FF34 /* GameScene.swift in Sources */,
				403032951D273CE600A1FF34 /* GameViewController.swift in Sources */,
				4030328F1D273CE600A1FF34 /* AppDelegate.swift in Sources */,
			);
			runOnlyForDeploymentPostprocessing = 0;
		};
		4030329F1D273CE600A1FF34 /* Sources */ = {
			isa = PBXSourcesBuildPhase;
			buildActionMask = 2147483647;
			files = (
				403032A81D273CE600A1FF34 /* etetrisTests.swift in Sources */,
			);
			runOnlyForDeploymentPostprocessing = 0;
		};
		403032AA1D273CE600A1FF34 /* Sources */ = {
			isa = PBXSourcesBuildPhase;
			buildActionMask = 2147483647;
			files = (
				403032B31D273CE600A1FF34 /* etetrisUITests.swift in Sources */,
			);
			runOnlyForDeploymentPostprocessing = 0;
		};
/* End PBXSourcesBuildPhase section */

/* Begin PBXTargetDependency section */
		403032A51D273CE600A1FF34 /* PBXTargetDependency */ = {
			isa = PBXTargetDependency;
			target = 4030328A1D273CE600A1FF34 /* etetris */;
			targetProxy = 403032A41D273CE600A1FF34 /* PBXContainerItemProxy */;
		};
		403032B01D273CE600A1FF34 /* PBXTargetDependency */ = {
			isa = PBXTargetDependency;
			target = 4030328A1D273CE600A1FF34 /* etetris */;
			targetProxy = 403032AF1D273CE600A1FF34 /* PBXContainerItemProxy */;
		};
/* End PBXTargetDependency section */

/* Begin PBXVariantGroup section */
		403032961D273CE600A1FF34 /* Main.storyboard */ = {
			isa = PBXVariantGroup;
			children = (
				403032971D273CE600A1FF34 /* Base */,
			);
			name = Main.storyboard;
			sourceTree = "<group>";
		};
		4030329B1D273CE600A1FF34 /* LaunchScreen.storyboard */ = {
			isa = PBXVariantGroup;
			children = (
				4030329C1D273CE600A1FF34 /* Base */,
			);
			name = LaunchScreen.storyboard;
			sourceTree = "<group>";
		};
/* End PBXVariantGroup section */

/* Begin XCBuildConfiguration section */
		403032B51D273CE600A1FF34 /* Debug */ = {
			isa = XCBuildConfiguration;
			buildSettings = {
				ALWAYS_SEARCH_USER_PATHS = NO;
				CLANG_CXX_LANGUAGE_STANDARD = "gnu++0x";
				CLANG_CXX_LIBRARY = "libc++";
				CLANG_ENABLE_MODULES = YES;
				CLANG_ENABLE_OBJC_ARC = YES;
				CLANG_WARN_BOOL_CONVERSION = YES;
				CLANG_WARN_CONSTANT_CONVERSION = YES;
				CLANG_WARN_DIRECT_OBJC_ISA_USAGE = YES_ERROR;
				CLANG_WARN_EMPTY_BODY = YES;
				CLANG_WARN_ENUM_CONVERSION = YES;
				CLANG_WARN_INT_CONVERSION = YES;
				CLANG_WARN_OBJC_ROOT_CLASS = YES_ERROR;
				CLANG_WARN_UNREACHABLE_CODE = YES;
				CLANG_WARN__DUPLICATE_METHOD_MATCH = YES;
				"CODE_SIGN_IDENTITY[sdk=iphoneos*]" = "iPhone Developer";
				COPY_PHASE_STRIP = NO;
				DEBUG_INFORMATION_FORMAT = "dwarf-with-dsym";
				ENABLE_STRICT_OBJC_MSGSEND = YES;
				ENABLE_TESTABILITY = YES;
				GCC_C_LANGUAGE_STANDARD = gnu99;
				GCC_DYNAMIC_NO_PIC = NO;
				GCC_NO_COMMON_BLOCKS = YES;
				GCC_OPTIMIZATION_LEVEL = 0;
				GCC_PREPROCESSOR_DEFINITIONS = (
					"DEBUG=1",
					"$(inherited)",
				);
				GCC_WARN_64_TO_32_BIT_CONVERSION = YES;
				GCC_WARN_ABOUT_RETURN_TYPE = YES_ERROR;
				GCC_WARN_UNDECLARED_SELECTOR = YES;
				GCC_WARN_UNINITIALIZED_AUTOS = YES_AGGRESSIVE;
				GCC_WARN_UNUSED_FUNCTION = YES;
				GCC_WARN_UNUSED_VARIABLE = YES;
				IPHONEOS_DEPLOYMENT_TARGET = 9.0;
				MTL_ENABLE_DEBUG_INFO = YES;
				ONLY_ACTIVE_ARCH = YES;
				SDKROOT = iphoneos;
				SWIFT_OPTIMIZATION_LEVEL = "-Onone";
			};
			name = Debug;
		};
		403032B61D273CE600A1FF34 /* Release */ = {
			isa = XCBuildConfiguration;
			buildSettings = {
				ALWAYS_SEARCH_USER_PATHS = NO;
				CLANG_CXX_LANGUAGE_STANDARD = "gnu++0x";
				CLANG_CXX_LIBRARY = "libc++";
				CLANG_ENABLE_MODULES = YES;
				CLANG_ENABLE_OBJC_ARC = YES;
				CLANG_WARN_BOOL_CONVERSION = YES;
				CLANG_WARN_CONSTANT_CONVERSION = YES;
				CLANG_WARN_DIRECT_OBJC_ISA_USAGE = YES_ERROR;
				CLANG_WARN_EMPTY_BODY = YES;
				CLANG_WARN_ENUM_CONVERSION = YES;
				CLANG_WARN_INT_CONVERSION = YES;
				CLANG_WARN_OBJC_ROOT_CLASS = YES_ERROR;
				CLANG_WARN_UNREACHABLE_CODE = YES;
				CLANG_WARN__DUPLICATE_METHOD_MATCH = YES;
				"CODE_SIGN_IDENTITY[sdk=iphoneos*]" = "iPhone Developer";
				COPY_PHASE_STRIP = NO;
				DEBUG_INFORMATION_FORMAT = "dwarf-with-dsym";
				ENABLE_NS_ASSERTIONS = NO;
				ENABLE_STRICT_OBJC_MSGSEND = YES;
				GCC_C_LANGUAGE_STANDARD = gnu99;
				GCC_NO_COMMON_BLOCKS = YES;
				GCC_WARN_64_TO_32_BIT_CONVERSION = YES;
				GCC_WARN_ABOUT_RETURN_TYPE = YES_ERROR;
				GCC_WARN_UNDECLARED_SELECTOR = YES;
				GCC_WARN_UNINITIALIZED_AUTOS = YES_AGGRESSIVE;
				GCC_WARN_UNUSED_FUNCTION = YES;
				GCC_WARN_UNUSED_VARIABLE = YES;
				IPHONEOS_DEPLOYMENT_TARGET = 9.0;
				MTL_ENABLE_DEBUG_INFO = NO;
				SDKROOT = iphoneos;
				VALIDATE_PRODUCT = YES;
			};
			name = Release;
		};
		403032B81D273CE600A1FF34 /* Debug */ = {
			isa = XCBuildConfiguration;
			buildSettings = {
				ASSETCATALOG_COMPILER_APPICON_NAME = AppIcon;
				INFOPLIST_FILE = etetris/Info.plist;
				LD_RUNPATH_SEARCH_PATHS = "$(inherited) @executable_path/Frameworks";
				PRODUCT_BUNDLE_IDENTIFIER = self.edu.alex.etetris;
				PRODUCT_NAME = "$(TARGET_NAME)";
			};
			name = Debug;
		};
		403032B91D273CE600A1FF34 /* Release */ = {
			isa = XCBuildConfiguration;
			buildSettings = {
				ASSETCATALOG_COMPILER_APPICON_NAME = AppIcon;
				INFOPLIST_FILE = etetris/Info.plist;
				LD_RUNPATH_SEARCH_PATHS = "$(inherited) @executable_path/Frameworks";
				PRODUCT_BUNDLE_IDENTIFIER = self.edu.alex.etetris;
				PRODUCT_NAME = "$(TARGET_NAME)";
			};
			name = Release;
		};
		403032BB1D273CE600A1FF34 /* Debug */ = {
			isa = XCBuildConfiguration;
			buildSettings = {
				BUNDLE_LOADER = "$(TEST_HOST)";
				DEBUG_INFORMATION_FORMAT = dwarf;
				INFOPLIST_FILE = etetrisTests/Info.plist;
				LD_RUNPATH_SEARCH_PATHS = "$(inherited) @executable_path/Frameworks @loader_path/Frameworks";
				PRODUCT_BUNDLE_IDENTIFIER = self.edu.alex.etetrisTests;
				PRODUCT_NAME = "$(TARGET_NAME)";
				TEST_HOST = "$(BUILT_PRODUCTS_DIR)/etetris.app/etetris";
			};
			name = Debug;
		};
		403032BC1D273CE600A1FF34 /* Release */ = {
			isa = XCBuildConfiguration;
			buildSettings = {
				BUNDLE_LOADER = "$(TEST_HOST)";
				INFOPLIST_FILE = etetrisTests/Info.plist;
				LD_RUNPATH_SEARCH_PATHS = "$(inherited) @executable_path/Frameworks @loader_path/Frameworks";
				PRODUCT_BUNDLE_IDENTIFIER = self.edu.alex.etetrisTests;
				PRODUCT_NAME = "$(TARGET_NAME)";
				TEST_HOST = "$(BUILT_PRODUCTS_DIR)/etetris.app/etetris";
			};
			name = Release;
		};
		403032BE1D273CE600A1FF34 /* Debug */ = {
			isa = XCBuildConfiguration;
			buildSettings = {
				DEBUG_INFORMATION_FORMAT = dwarf;
				INFOPLIST_FILE = etetrisUITests/Info.plist;
				LD_RUNPATH_SEARCH_PATHS = "$(inherited) @executable_path/Frameworks @loader_path/Frameworks";
				PRODUCT_BUNDLE_IDENTIFIER = self.edu.alex.etetrisUITests;
				PRODUCT_NAME = "$(TARGET_NAME)";
				TEST_TARGET_NAME = etetris;
				USES_XCTRUNNER = YES;
			};
			name = Debug;
		};
		403032BF1D273CE600A1FF34 /* Release */ = {
			isa = XCBuildConfiguration;
			buildSettings = {
				INFOPLIST_FILE = etetrisUITests/Info.plist;
				LD_RUNPATH_SEARCH_PATHS = "$(inherited) @executable_path/Frameworks @loader_path/Frameworks";
				PRODUCT_BUNDLE_IDENTIFIER = self.edu.alex.etetrisUITests;
				PRODUCT_NAME = "$(TARGET_NAME)";
				TEST_TARGET_NAME = etetris;
				USES_XCTRUNNER = YES;
			};
			name = Release;
		};
/* End XCBuildConfiguration section */

/* Begin XCConfigurationList section */
		403032861D273CE600A1FF34 /* Build configuration list for PBXProject "etetris" */ = {
			isa = XCConfigurationList;
			buildConfigurations = (
				403032B51D273CE600A1FF34 /* Debug */,
				403032B61D273CE600A1FF34 /* Release */,
			);
			defaultConfigurationIsVisible = 0;
			defaultConfigurationName = Release;
		};
		403032B71D273CE600A1FF34 /* Build configuration list for PBXNativeTarget "etetris" */ = {
			isa = XCConfigurationList;
			buildConfigurations = (
				403032B81D273CE600A1FF34 /* Debug */,
				403032B91D273CE600A1FF34 /* Release */,
			);
			defaultConfigurationIsVisible = 0;
		};
		403032BA1D273CE600A1FF34 /* Build configuration list for PBXNativeTarget "etetrisTests" */ = {
			isa = XCConfigurationList;
			buildConfigurations = (
				403032BB1D273CE600A1FF34 /* Debug */,
				403032BC1D273CE600A1FF34 /* Release */,
			);
			defaultConfigurationIsVisible = 0;
		};
		403032BD1D273CE600A1FF34 /* Build configuration list for PBXNativeTarget "etetrisUITests" */ = {
			isa = XCConfigurationList;
			buildConfigurations = (
				403032BE1D273CE600A1FF34 /* Debug */,
				403032BF1D273CE600A1FF34 /* Release */,
			);
			defaultConfigurationIsVisible = 0;
		};
/* End XCConfigurationList section */
	};
	rootObject = 403032831D273CE600A1FF34 /* Project object */;
}
